
Microsoft Visual Studio Solution File, Format Version 12.00
# Visual Studio Version 16
VisualStudioVersion = 16.0.29926.136
MinimumVisualStudioVersion = 10.0.40219.1
Project("{9A19103F-16F7-4668-BE54-9A1E7A4F7556}") = "SJZ.ImageService", "SJZ.ImageService\SJZ.ImageService.csproj", "{8B76AE89-7248-444E-BB46-AB65C1E7C92D}"
EndProject
Project("{9A19103F-16F7-4668-BE54-9A1E7A4F7556}") = "SJZ.TimelineService", "SJZ.TimelineService\SJZ.TimelineService.csproj", "{9707A3C0-B4AA-4ABE-9993-7378BC85C34C}"
EndProject
Project("{9A19103F-16F7-4668-BE54-9A1E7A4F7556}") = "SJZ.OAuthService", "SJZ.OAuthService\SJZ.OAuthService.csproj", "{03AC6C4A-C7F9-43A3-9461-5B325D971BE2}"
EndProject
Project("{9A19103F-16F7-4668-BE54-9A1E7A4F7556}") = "SJZ.Common", "SJZ.Common\SJZ.Common.csproj", "{8FB2FFAC-C7D6-441E-A85F-D69F9F76FF6F}"
EndProject
Project("{2150E333-8FDC-42A3-9474-1A3956D46DE8}") = "ImageSvc", "ImageSvc", "{F4B59F0B-7372-4891-8C06-9EAECEE6DFC0}"
EndProject
Project("{2150E333-8FDC-42A3-9474-1A3956D46DE8}") = "OAuthSvc", "OAuthSvc", "{9B63C0A2-F288-413C-984D-D4AA0CF74DA9}"
EndProject
Project("{2150E333-8FDC-42A3-9474-1A3956D46DE8}") = "TimelineSvc", "TimelineSvc", "{C1EBE009-A829-4991-9DB0-49CEDEFD7E78}"
EndProject
Project("{9A19103F-16F7-4668-BE54-9A1E7A4F7556}") = "SJZ.Timelines.Repository", "SJZ.Timelines.Repository\SJZ.Timelines.Repository.csproj", "{F02B1458-E907-4FD9-BB5E-85BB707861EB}"
EndProject
Project("{9A19103F-16F7-4668-BE54-9A1E7A4F7556}") = "SJZ.Timelines.Domain", "SJZ.Timelines.Domain\SJZ.Timelines.Domain.csproj", "{D664C181-455D-4E8C-80B5-D785564BC303}"
EndProject
Project("{9A19103F-16F7-4668-BE54-9A1E7A4F7556}") = "SJZ.Common.Tests", "test\SJZ.Common.Tests\SJZ.Common.Tests.csproj", "{AD0A99FB-7F16-4516-9B18-98FC82A0E5E7}"
EndProject
Project("{9A19103F-16F7-4668-BE54-9A1E7A4F7556}") = "SJZ.Images.Repository", "SJZ.Images.Repository\SJZ.Images.Repository.csproj", "{B7FA9801-88D3-49A2-96F5-9C335B99CF07}"
EndProject
Project("{9A19103F-16F7-4668-BE54-9A1E7A4F7556}") = "SJZ.Timelines.Tests", "test\SJZ.Timelines.Tests\SJZ.Timelines.Tests.csproj", "{41929083-B8D5-4AB3-83F8-665F5C1218D8}"
EndProject
Project("{2150E333-8FDC-42A3-9474-1A3956D46DE8}") = "test", "test", "{A4E4E1A9-8719-44CE-981E-32DDA139E193}"
EndProject
Project("{2150E333-8FDC-42A3-9474-1A3956D46DE8}") = "UserProfileSvc", "UserProfileSvc", "{07DFF3DC-9CB9-4E7F-8F7E-1A40FE5D982E}"
EndProject
Project("{9A19103F-16F7-4668-BE54-9A1E7A4F7556}") = "SJZ.UserProfileService", "SJZ.UserProfileService\SJZ.UserProfileService.csproj", "{BB5D5493-28E3-4C2F-AFCE-9530485A184D}"
EndProject
Project("{9A19103F-16F7-4668-BE54-9A1E7A4F7556}") = "SJZ.UserProfile.Repository", "SJZ.UserProfile.Repository\SJZ.UserProfile.Repository.csproj", "{3268AD55-1F3D-4BA7-A0CE-84D30624A83D}"
EndProject
Project("{2150E333-8FDC-42A3-9474-1A3956D46DE8}") = "Protos", "Protos", "{53E861C2-F7B8-4132-8F4F-0DDDE0400823}"
	ProjectSection(SolutionItems) = preProject
		user.proto = user.proto
	EndProjectSection
EndProject
Project("{2150E333-8FDC-42A3-9474-1A3956D46DE8}") = "Solution Items", "Solution Items", "{AC26FA5E-DA17-45AB-953B-9682A793E79E}"
	ProjectSection(SolutionItems) = preProject
		docker-compose.yml = docker-compose.yml
	EndProjectSection
EndProject
Global
	GlobalSection(SolutionConfigurationPlatforms) = preSolution
		Debug|Any CPU = Debug|Any CPU
		Release|Any CPU = Release|Any CPU
	EndGlobalSection
	GlobalSection(ProjectConfigurationPlatforms) = postSolution
		{8B76AE89-7248-444E-BB46-AB65C1E7C92D}.Debug|Any CPU.ActiveCfg = Debug|Any CPU
		{8B76AE89-7248-444E-BB46-AB65C1E7C92D}.Debug|Any CPU.Build.0 = Debug|Any CPU
		{8B76AE89-7248-444E-BB46-AB65C1E7C92D}.Release|Any CPU.ActiveCfg = Release|Any CPU
		{8B76AE89-7248-444E-BB46-AB65C1E7C92D}.Release|Any CPU.Build.0 = Release|Any CPU
		{9707A3C0-B4AA-4ABE-9993-7378BC85C34C}.Debug|Any CPU.ActiveCfg = Debug|Any CPU
		{9707A3C0-B4AA-4ABE-9993-7378BC85C34C}.Debug|Any CPU.Build.0 = Debug|Any CPU
		{9707A3C0-B4AA-4ABE-9993-7378BC85C34C}.Release|Any CPU.ActiveCfg = Release|Any CPU
		{9707A3C0-B4AA-4ABE-9993-7378BC85C34C}.Release|Any CPU.Build.0 = Release|Any CPU
		{03AC6C4A-C7F9-43A3-9461-5B325D971BE2}.Debug|Any CPU.ActiveCfg = Debug|Any CPU
		{03AC6C4A-C7F9-43A3-9461-5B325D971BE2}.Debug|Any CPU.Build.0 = Debug|Any CPU
		{03AC6C4A-C7F9-43A3-9461-5B325D971BE2}.Release|Any CPU.ActiveCfg = Release|Any CPU
		{03AC6C4A-C7F9-43A3-9461-5B325D971BE2}.Release|Any CPU.Build.0 = Release|Any CPU
		{8FB2FFAC-C7D6-441E-A85F-D69F9F76FF6F}.Debug|Any CPU.ActiveCfg = Debug|Any CPU
		{8FB2FFAC-C7D6-441E-A85F-D69F9F76FF6F}.Debug|Any CPU.Build.0 = Debug|Any CPU
		{8FB2FFAC-C7D6-441E-A85F-D69F9F76FF6F}.Release|Any CPU.ActiveCfg = Release|Any CPU
		{8FB2FFAC-C7D6-441E-A85F-D69F9F76FF6F}.Release|Any CPU.Build.0 = Release|Any CPU
		{F02B1458-E907-4FD9-BB5E-85BB707861EB}.Debug|Any CPU.ActiveCfg = Debug|Any CPU
		{F02B1458-E907-4FD9-BB5E-85BB707861EB}.Debug|Any CPU.Build.0 = Debug|Any CPU
		{F02B1458-E907-4FD9-BB5E-85BB707861EB}.Release|Any CPU.ActiveCfg = Release|Any CPU
		{F02B1458-E907-4FD9-BB5E-85BB707861EB}.Release|Any CPU.Build.0 = Release|Any CPU
		{D664C181-455D-4E8C-80B5-D785564BC303}.Debug|Any CPU.ActiveCfg = Debug|Any CPU
		{D664C181-455D-4E8C-80B5-D785564BC303}.Debug|Any CPU.Build.0 = Debug|Any CPU
		{D664C181-455D-4E8C-80B5-D785564BC303}.Release|Any CPU.ActiveCfg = Release|Any CPU
		{D664C181-455D-4E8C-80B5-D785564BC303}.Release|Any CPU.Build.0 = Release|Any CPU
		{AD0A99FB-7F16-4516-9B18-98FC82A0E5E7}.Debug|Any CPU.ActiveCfg = Debug|Any CPU
		{AD0A99FB-7F16-4516-9B18-98FC82A0E5E7}.Debug|Any CPU.Build.0 = Debug|Any CPU
		{AD0A99FB-7F16-4516-9B18-98FC82A0E5E7}.Release|Any CPU.ActiveCfg = Release|Any CPU
		{AD0A99FB-7F16-4516-9B18-98FC82A0E5E7}.Release|Any CPU.Build.0 = Release|Any CPU
		{B7FA9801-88D3-49A2-96F5-9C335B99CF07}.Debug|Any CPU.ActiveCfg = Debug|Any CPU
		{B7FA9801-88D3-49A2-96F5-9C335B99CF07}.Debug|Any CPU.Build.0 = Debug|Any CPU
		{B7FA9801-88D3-49A2-96F5-9C335B99CF07}.Release|Any CPU.ActiveCfg = Release|Any CPU
		{B7FA9801-88D3-49A2-96F5-9C335B99CF07}.Release|Any CPU.Build.0 = Release|Any CPU
		{41929083-B8D5-4AB3-83F8-665F5C1218D8}.Debug|Any CPU.ActiveCfg = Debug|Any CPU
		{41929083-B8D5-4AB3-83F8-665F5C1218D8}.Debug|Any CPU.Build.0 = Debug|Any CPU
		{41929083-B8D5-4AB3-83F8-665F5C1218D8}.Release|Any CPU.ActiveCfg = Release|Any CPU
		{41929083-B8D5-4AB3-83F8-665F5C1218D8}.Release|Any CPU.Build.0 = Release|Any CPU
		{BB5D5493-28E3-4C2F-AFCE-9530485A184D}.Debug|Any CPU.ActiveCfg = Debug|Any CPU
		{BB5D5493-28E3-4C2F-AFCE-9530485A184D}.Debug|Any CPU.Build.0 = Debug|Any CPU
		{BB5D5493-28E3-4C2F-AFCE-9530485A184D}.Release|Any CPU.ActiveCfg = Release|Any CPU
		{BB5D5493-28E3-4C2F-AFCE-9530485A184D}.Release|Any CPU.Build.0 = Release|Any CPU
		{3268AD55-1F3D-4BA7-A0CE-84D30624A83D}.Debug|Any CPU.ActiveCfg = Debug|Any CPU
		{3268AD55-1F3D-4BA7-A0CE-84D30624A83D}.Debug|Any CPU.Build.0 = Debug|Any CPU
		{3268AD55-1F3D-4BA7-A0CE-84D30624A83D}.Release|Any CPU.ActiveCfg = Release|Any CPU
		{3268AD55-1F3D-4BA7-A0CE-84D30624A83D}.Release|Any CPU.Build.0 = Release|Any CPU
	EndGlobalSection
	GlobalSection(SolutionProperties) = preSolution
		HideSolutionNode = FALSE
	EndGlobalSection
	GlobalSection(NestedProjects) = preSolution
		{8B76AE89-7248-444E-BB46-AB65C1E7C92D} = {F4B59F0B-7372-4891-8C06-9EAECEE6DFC0}
		{9707A3C0-B4AA-4ABE-9993-7378BC85C34C} = {C1EBE009-A829-4991-9DB0-49CEDEFD7E78}
		{03AC6C4A-C7F9-43A3-9461-5B325D971BE2} = {9B63C0A2-F288-413C-984D-D4AA0CF74DA9}
		{F02B1458-E907-4FD9-BB5E-85BB707861EB} = {C1EBE009-A829-4991-9DB0-49CEDEFD7E78}
		{D664C181-455D-4E8C-80B5-D785564BC303} = {C1EBE009-A829-4991-9DB0-49CEDEFD7E78}
		{AD0A99FB-7F16-4516-9B18-98FC82A0E5E7} = {A4E4E1A9-8719-44CE-981E-32DDA139E193}
		{B7FA9801-88D3-49A2-96F5-9C335B99CF07} = {F4B59F0B-7372-4891-8C06-9EAECEE6DFC0}
		{41929083-B8D5-4AB3-83F8-665F5C1218D8} = {A4E4E1A9-8719-44CE-981E-32DDA139E193}
		{BB5D5493-28E3-4C2F-AFCE-9530485A184D} = {07DFF3DC-9CB9-4E7F-8F7E-1A40FE5D982E}
		{3268AD55-1F3D-4BA7-A0CE-84D30624A83D} = {07DFF3DC-9CB9-4E7F-8F7E-1A40FE5D982E}
	EndGlobalSection
	GlobalSection(ExtensibilityGlobals) = postSolution
		SolutionGuid = {51B776B1-EB2A-40D3-8CFB-B420BDB10A43}
	EndGlobalSection
EndGlobal
