
Microsoft Visual Studio Solution File, Format Version 12.00
# Visual Studio Version 16
VisualStudioVersion = 16.0.29926.136
MinimumVisualStudioVersion = 10.0.40219.1
Project("{9A19103F-16F7-4668-BE54-9A1E7A4F7556}") = "SJZ.ImageService", "SJZ.ImageService\SJZ.ImageService.csproj", "{8B76AE89-7248-444E-BB46-AB65C1E7C92D}"
EndProject
Project("{9A19103F-16F7-4668-BE54-9A1E7A4F7556}") = "SJZ.TimelineService", "SJZ.TimelineService\SJZ.TimelineService.csproj", "{9707A3C0-B4AA-4ABE-9993-7378BC85C34C}"
EndProject
Project("{9A19103F-16F7-4668-BE54-9A1E7A4F7556}") = "SJZ.OAuthService", "SJZ.OAuthService\SJZ.OAuthService.csproj", "{03AC6C4A-C7F9-43A3-9461-5B325D971BE2}"
EndProject
Project("{9A19103F-16F7-4668-BE54-9A1E7A4F7556}") = "SJZ.Common", "SJZ.Common\SJZ.Common.csproj", "{8FB2FFAC-C7D6-441E-A85F-D69F9F76FF6F}"
EndProject
Project("{2150E333-8FDC-42A3-9474-1A3956D46DE8}") = "ImageSvc", "ImageSvc", "{F4B59F0B-7372-4891-8C06-9EAECEE6DFC0}"
EndProject
Project("{2150E333-8FDC-42A3-9474-1A3956D46DE8}") = "OAuthSvc", "OAuthSvc", "{9B63C0A2-F288-413C-984D-D4AA0CF74DA9}"
EndProject
Project("{2150E333-8FDC-42A3-9474-1A3956D46DE8}") = "TimelineSvc", "TimelineSvc", "{C1EBE009-A829-4991-9DB0-49CEDEFD7E78}"
EndProject
Project("{9A19103F-16F7-4668-BE54-9A1E7A4F7556}") = "SJZ.Timelines.Repository", "SJZ.Timelines.Repository\SJZ.Timelines.Repository.csproj", "{F02B1458-E907-4FD9-BB5E-85BB707861EB}"
EndProject
Project("{9A19103F-16F7-4668-BE54-9A1E7A4F7556}") = "SJZ.Timelines.Domain", "SJZ.Timelines.Domain\SJZ.Timelines.Domain.csproj", "{D664C181-455D-4E8C-80B5-D785564BC303}"
EndProject
Global
	GlobalSection(SolutionConfigurationPlatforms) = preSolution
		Debug|Any CPU = Debug|Any CPU
		Release|Any CPU = Release|Any CPU
	EndGlobalSection
	GlobalSection(ProjectConfigurationPlatforms) = postSolution
		{8B76AE89-7248-444E-BB46-AB65C1E7C92D}.Debug|Any CPU.ActiveCfg = Debug|Any CPU
		{8B76AE89-7248-444E-BB46-AB65C1E7C92D}.Debug|Any CPU.Build.0 = Debug|Any CPU
		{8B76AE89-7248-444E-BB46-AB65C1E7C92D}.Release|Any CPU.ActiveCfg = Release|Any CPU
		{8B76AE89-7248-444E-BB46-AB65C1E7C92D}.Release|Any CPU.Build.0 = Release|Any CPU
		{9707A3C0-B4AA-4ABE-9993-7378BC85C34C}.Debug|Any CPU.ActiveCfg = Debug|Any CPU
		{9707A3C0-B4AA-4ABE-9993-7378BC85C34C}.Debug|Any CPU.Build.0 = Debug|Any CPU
		{9707A3C0-B4AA-4ABE-9993-7378BC85C34C}.Release|Any CPU.ActiveCfg = Release|Any CPU
		{9707A3C0-B4AA-4ABE-9993-7378BC85C34C}.Release|Any CPU.Build.0 = Release|Any CPU
		{03AC6C4A-C7F9-43A3-9461-5B325D971BE2}.Debug|Any CPU.ActiveCfg = Debug|Any CPU
		{03AC6C4A-C7F9-43A3-9461-5B325D971BE2}.Debug|Any CPU.Build.0 = Debug|Any CPU
		{03AC6C4A-C7F9-43A3-9461-5B325D971BE2}.Release|Any CPU.ActiveCfg = Release|Any CPU
		{03AC6C4A-C7F9-43A3-9461-5B325D971BE2}.Release|Any CPU.Build.0 = Release|Any CPU
		{8FB2FFAC-C7D6-441E-A85F-D69F9F76FF6F}.Debug|Any CPU.ActiveCfg = Debug|Any CPU
		{8FB2FFAC-C7D6-441E-A85F-D69F9F76FF6F}.Debug|Any CPU.Build.0 = Debug|Any CPU
		{8FB2FFAC-C7D6-441E-A85F-D69F9F76FF6F}.Release|Any CPU.ActiveCfg = Release|Any CPU
		{8FB2FFAC-C7D6-441E-A85F-D69F9F76FF6F}.Release|Any CPU.Build.0 = Release|Any CPU
		{F02B1458-E907-4FD9-BB5E-85BB707861EB}.Debug|Any CPU.ActiveCfg = Debug|Any CPU
		{F02B1458-E907-4FD9-BB5E-85BB707861EB}.Debug|Any CPU.Build.0 = Debug|Any CPU
		{F02B1458-E907-4FD9-BB5E-85BB707861EB}.Release|Any CPU.ActiveCfg = Release|Any CPU
		{F02B1458-E907-4FD9-BB5E-85BB707861EB}.Release|Any CPU.Build.0 = Release|Any CPU
		{D664C181-455D-4E8C-80B5-D785564BC303}.Debug|Any CPU.ActiveCfg = Debug|Any CPU
		{D664C181-455D-4E8C-80B5-D785564BC303}.Debug|Any CPU.Build.0 = Debug|Any CPU
		{D664C181-455D-4E8C-80B5-D785564BC303}.Release|Any CPU.ActiveCfg = Release|Any CPU
		{D664C181-455D-4E8C-80B5-D785564BC303}.Release|Any CPU.Build.0 = Release|Any CPU
	EndGlobalSection
	GlobalSection(SolutionProperties) = preSolution
		HideSolutionNode = FALSE
	EndGlobalSection
	GlobalSection(NestedProjects) = preSolution
		{8B76AE89-7248-444E-BB46-AB65C1E7C92D} = {F4B59F0B-7372-4891-8C06-9EAECEE6DFC0}
		{9707A3C0-B4AA-4ABE-9993-7378BC85C34C} = {C1EBE009-A829-4991-9DB0-49CEDEFD7E78}
		{03AC6C4A-C7F9-43A3-9461-5B325D971BE2} = {9B63C0A2-F288-413C-984D-D4AA0CF74DA9}
		{F02B1458-E907-4FD9-BB5E-85BB707861EB} = {C1EBE009-A829-4991-9DB0-49CEDEFD7E78}
		{D664C181-455D-4E8C-80B5-D785564BC303} = {C1EBE009-A829-4991-9DB0-49CEDEFD7E78}
	EndGlobalSection
	GlobalSection(ExtensibilityGlobals) = postSolution
		SolutionGuid = {51B776B1-EB2A-40D3-8CFB-B420BDB10A43}
	EndGlobalSection
EndGlobal
